
Microsoft Visual Studio Solution File, Format Version 12.00
# Visual Studio Version 17
VisualStudioVersion = 17.10.35004.147
MinimumVisualStudioVersion = 10.0.40219.1
Project("{9A19103F-16F7-4668-BE54-9A1E7A4F7556}") = "DesignPatterns.CreationalPatterns", "DesignPatterns.CreationalPatterns\DesignPatterns.CreationalPatterns.csproj", "{BE51A0FE-0B16-4077-B860-D987820DC09D}"
EndProject
Project("{FAE04EC0-301F-11D3-BF4B-00C04F79EFBC}") = "DesignPatterns.StructuralPatterns", "DesignPatterns.StructuralPatterns\DesignPatterns.StructuralPatterns.csproj", "{D2C917FC-5157-44FE-B38E-A20273BE3355}"
EndProject
Global
	GlobalSection(SolutionConfigurationPlatforms) = preSolution
		Debug|Any CPU = Debug|Any CPU
		Release|Any CPU = Release|Any CPU
	EndGlobalSection
	GlobalSection(ProjectConfigurationPlatforms) = postSolution
		{BE51A0FE-0B16-4077-B860-D987820DC09D}.Debug|Any CPU.ActiveCfg = Debug|Any CPU
		{BE51A0FE-0B16-4077-B860-D987820DC09D}.Debug|Any CPU.Build.0 = Debug|Any CPU
		{BE51A0FE-0B16-4077-B860-D987820DC09D}.Release|Any CPU.ActiveCfg = Release|Any CPU
		{BE51A0FE-0B16-4077-B860-D987820DC09D}.Release|Any CPU.Build.0 = Release|Any CPU
		{D2C917FC-5157-44FE-B38E-A20273BE3355}.Debug|Any CPU.ActiveCfg = Debug|Any CPU
		{D2C917FC-5157-44FE-B38E-A20273BE3355}.Debug|Any CPU.Build.0 = Debug|Any CPU
		{D2C917FC-5157-44FE-B38E-A20273BE3355}.Release|Any CPU.ActiveCfg = Release|Any CPU
		{D2C917FC-5157-44FE-B38E-A20273BE3355}.Release|Any CPU.Build.0 = Release|Any CPU
	EndGlobalSection
	GlobalSection(SolutionProperties) = preSolution
		HideSolutionNode = FALSE
	EndGlobalSection
	GlobalSection(ExtensibilityGlobals) = postSolution
		SolutionGuid = {17D37E50-DA63-464C-9160-A85611D83F62}
	EndGlobalSection
EndGlobal
